
Microsoft Visual Studio Solution File, Format Version 12.00
# Visual Studio Version 16
VisualStudioVersion = 16.0.30413.136
MinimumVisualStudioVersion = 10.0.40219.1
Project("{FAE04EC0-301F-11D3-BF4B-00C04F79EFBC}") = "Automation Game", "Automation Game\Automation Game.csproj", "{C80EDE1C-F583-4262-8503-9C325D1928A8}"
EndProject
Global
	GlobalSection(SolutionConfigurationPlatforms) = preSolution
		Debug|Any CPU = Debug|Any CPU
		Release|Any CPU = Release|Any CPU
	EndGlobalSection
	GlobalSection(ProjectConfigurationPlatforms) = postSolution
		{C80EDE1C-F583-4262-8503-9C325D1928A8}.Debug|Any CPU.ActiveCfg = Debug|Any CPU
		{C80EDE1C-F583-4262-8503-9C325D1928A8}.Debug|Any CPU.Build.0 = Debug|Any CPU
		{C80EDE1C-F583-4262-8503-9C325D1928A8}.Debug|Any CPU.Deploy.0 = Debug|Any CPU
		{C80EDE1C-F583-4262-8503-9C325D1928A8}.Release|Any CPU.ActiveCfg = Release|Any CPU
		{C80EDE1C-F583-4262-8503-9C325D1928A8}.Release|Any CPU.Build.0 = Release|Any CPU
		{C80EDE1C-F583-4262-8503-9C325D1928A8}.Release|Any CPU.Deploy.0 = Release|Any CPU
	EndGlobalSection
	GlobalSection(SolutionProperties) = preSolution
		HideSolutionNode = FALSE
	EndGlobalSection
	GlobalSection(ExtensibilityGlobals) = postSolution
		SolutionGuid = {62B6773D-92EA-4F6A-80B1-8934821DE66D}
	EndGlobalSection
EndGlobal
